<?xml version="1.0" encoding="utf-8"?>
<Project ToolsVersion="15.0" xmlns="http://schemas.microsoft.com/developer/msbuild/2003">
  <ItemGroup>
    <Filter Include="Resources">
      <UniqueIdentifier>670a1d9e-70b7-4796-adc5-1817c10d6040</UniqueIdentifier>
      <Extensions>rc;ico;cur;bmp;dlg;rc2;rct;bin;rgs;gif;jpg;jpeg;jpe;resx;tga;tiff;tif;png;wav;mfcribbon-ms</Extensions>
    </Filter>
  </ItemGroup>
  <ItemGroup>
    <ClCompile Include="pch.cpp" />
    <ClCompile Include="Bounds3D.cpp" />
    <ClCompile Include="GLTFLoader.cpp" />
    <ClCompile Include="GLTFResourceSet.cpp" />
    <ClCompile Include="GLTFVisitor.cpp" />
    <ClCompile Include="GLTFVisitor_Camera.cpp" />
    <ClCompile Include="GLTFVisitor_Image.cpp" />
    <ClCompile Include="GLTFVisitor_Material.cpp" />
    <ClCompile Include="GLTFVisitor_Mesh.cpp" />
    <ClCompile Include="GLTFVisitor_MeshPrimitive.cpp" />
    <ClCompile Include="GLTFVisitor_Node.cpp" />
    <ClCompile Include="GLTFVisitor_Sampler.cpp" />
    <ClCompile Include="GLTFVisitor_Skin.cpp" />
    <ClCompile Include="GLTFVisitor_Texture.cpp" />
    <ClCompile Include="UtilForIntermingledNamespaces.cpp" />
  </ItemGroup>
  <ItemGroup>
    <ClInclude Include="pch.h" />
    <ClInclude Include="Bounds3D.h" />
    <ClInclude Include="GLTFLoader.h" />
    <ClInclude Include="GLTFResourceSet.h" />
    <ClInclude Include="GLTFVisitor.h" />
    <ClInclude Include="UtilForIntermingledNamespaces.h" />
  </ItemGroup>
  <ItemGroup>
    <None Include="packages.config" />
    <None Include="GLTFLoaderComponent.def" />
  </ItemGroup>
  <ItemGroup>
    <Midl Include="GLTFLoaderComponent.idl" />
  </ItemGroup>
</Project>